
Microsoft Visual Studio Solution File, Format Version 12.00
# Visual Studio Version 17
VisualStudioVersion = 17.11.35303.130
MinimumVisualStudioVersion = 10.0.40219.1
Project("{FAE04EC0-301F-11D3-BF4B-00C04F79EFBC}") = "SocialSurvey", "SocialSurvey.csproj", "{60D89896-A9C5-4550-8A55-0605743F0073}"
EndProject
Global
	GlobalSection(SolutionConfigurationPlatforms) = preSolution
		Debug|Any CPU = Debug|Any CPU
		Release|Any CPU = Release|Any CPU
	EndGlobalSection
	GlobalSection(ProjectConfigurationPlatforms) = postSolution
		{60D89896-A9C5-4550-8A55-0605743F0073}.Debug|Any CPU.ActiveCfg = Debug|Any CPU
		{60D89896-A9C5-4550-8A55-0605743F0073}.Debug|Any CPU.Build.0 = Debug|Any CPU
		{60D89896-A9C5-4550-8A55-0605743F0073}.Release|Any CPU.ActiveCfg = Release|Any CPU
		{60D89896-A9C5-4550-8A55-0605743F0073}.Release|Any CPU.Build.0 = Release|Any CPU
	EndGlobalSection
	GlobalSection(SolutionProperties) = preSolution
		HideSolutionNode = FALSE
	EndGlobalSection
	GlobalSection(ExtensibilityGlobals) = postSolution
		SolutionGuid = {3B0E61F7-387F-4FAC-A931-5E0505B92E97}
	EndGlobalSection
EndGlobal
